// !$*UTF8*$!
{
	archiveVersion = 1;
	classes = {
	};
	objectVersion = 50;
	objects = {

/* Begin PBXBuildFile section */
		A51085A1219A4DC8007A1921 /* BurnSoftFileSystemTests.m in Sources */ = {isa = PBXBuildFile; fileRef = A51085A0219A4DC8007A1921 /* BurnSoftFileSystemTests.m */; };
		A51085A4219A4E10007A1921 /* GeneralFunctions.m in Sources */ = {isa = PBXBuildFile; fileRef = A51085A3219A4E10007A1921 /* GeneralFunctions.m */; };
		A51085A6219A6888007A1921 /* BurnSoftGeneralTest.m in Sources */ = {isa = PBXBuildFile; fileRef = A51085A5219A6888007A1921 /* BurnSoftGeneralTest.m */; };
		A51085A8219CFF32007A1921 /* BurnSoftMathTests.m in Sources */ = {isa = PBXBuildFile; fileRef = A51085A7219CFF32007A1921 /* BurnSoftMathTests.m */; };
		A5173729219D165500D330E7 /* DBManagerTests.m in Sources */ = {isa = PBXBuildFile; fileRef = A5173728219D165500D330E7 /* DBManagerTests.m */; };
		A5984044219900FC009EBBE5 /* BurnSoftUniversal.framework in Frameworks */ = {isa = PBXBuildFile; fileRef = A598403A219900FC009EBBE5 /* BurnSoftUniversal.framework */; };
		A5984049219900FC009EBBE5 /* BurnSoftUniversalTests.m in Sources */ = {isa = PBXBuildFile; fileRef = A5984048219900FC009EBBE5 /* BurnSoftUniversalTests.m */; };
		A598404B219900FC009EBBE5 /* BurnSoftUniversal.h in Headers */ = {isa = PBXBuildFile; fileRef = A598403D219900FC009EBBE5 /* BurnSoftUniversal.h */; settings = {ATTRIBUTES = (Public, ); }; };
		A598405621990166009EBBE5 /* BurnSoftDateTime.h in Headers */ = {isa = PBXBuildFile; fileRef = A598405421990166009EBBE5 /* BurnSoftDateTime.h */; settings = {ATTRIBUTES = (Public, ); }; };
		A598405721990166009EBBE5 /* BurnSoftDateTime.m in Sources */ = {isa = PBXBuildFile; fileRef = A598405521990166009EBBE5 /* BurnSoftDateTime.m */; };
		A598405A2199030D009EBBE5 /* BurnSoftDateTimeTests.m in Sources */ = {isa = PBXBuildFile; fileRef = A59840592199030D009EBBE5 /* BurnSoftDateTimeTests.m */; };
		A59840632199089E009EBBE5 /* BurnSoftFormFunctions.h in Headers */ = {isa = PBXBuildFile; fileRef = A598405B2199089E009EBBE5 /* BurnSoftFormFunctions.h */; settings = {ATTRIBUTES = (Public, ); }; };
		A59840642199089E009EBBE5 /* BurnSoftGeneral.h in Headers */ = {isa = PBXBuildFile; fileRef = A598405C2199089E009EBBE5 /* BurnSoftGeneral.h */; settings = {ATTRIBUTES = (Public, ); }; };
		A59840652199089E009EBBE5 /* BurnSoftFileSystem.m in Sources */ = {isa = PBXBuildFile; fileRef = A598405D2199089E009EBBE5 /* BurnSoftFileSystem.m */; };
		A59840662199089E009EBBE5 /* BurnSoftFileSystem.h in Headers */ = {isa = PBXBuildFile; fileRef = A598405E2199089E009EBBE5 /* BurnSoftFileSystem.h */; settings = {ATTRIBUTES = (Public, ); }; };
		A59840672199089E009EBBE5 /* BurnSoftFormFunctions.m in Sources */ = {isa = PBXBuildFile; fileRef = A598405F2199089E009EBBE5 /* BurnSoftFormFunctions.m */; };
		A59840682199089E009EBBE5 /* BurnSoftMath.m in Sources */ = {isa = PBXBuildFile; fileRef = A59840602199089E009EBBE5 /* BurnSoftMath.m */; };
		A59840692199089E009EBBE5 /* BurnSoftMath.h in Headers */ = {isa = PBXBuildFile; fileRef = A59840612199089E009EBBE5 /* BurnSoftMath.h */; settings = {ATTRIBUTES = (Public, ); }; };
		A598406A2199089E009EBBE5 /* BurnSoftGeneral.m in Sources */ = {isa = PBXBuildFile; fileRef = A59840622199089E009EBBE5 /* BurnSoftGeneral.m */; };
		A598406E21991C88009EBBE5 /* libsqlite3.tbd in Frameworks */ = {isa = PBXBuildFile; fileRef = A598406C21991C88009EBBE5 /* libsqlite3.tbd */; };
		A598406F21991C88009EBBE5 /* libsqlite3.0.tbd in Frameworks */ = {isa = PBXBuildFile; fileRef = A598406D21991C88009EBBE5 /* libsqlite3.0.tbd */; };
		A598407221991CB4009EBBE5 /* DBManager.h in Headers */ = {isa = PBXBuildFile; fileRef = A598407021991CB4009EBBE5 /* DBManager.h */; };
		A598407321991CB4009EBBE5 /* DBManager.m in Sources */ = {isa = PBXBuildFile; fileRef = A598407121991CB4009EBBE5 /* DBManager.m */; };
/* End PBXBuildFile section */

/* Begin PBXContainerItemProxy section */
		A5984045219900FC009EBBE5 /* PBXContainerItemProxy */ = {
			isa = PBXContainerItemProxy;
			containerPortal = A5984031219900FC009EBBE5 /* Project object */;
			proxyType = 1;
			remoteGlobalIDString = A5984039219900FC009EBBE5;
			remoteInfo = BurnSoftUniversal;
		};
/* End PBXContainerItemProxy section */

/* Begin PBXFileReference section */
		A51085A0219A4DC8007A1921 /* BurnSoftFileSystemTests.m */ = {isa = PBXFileReference; lastKnownFileType = sourcecode.c.objc; path = BurnSoftFileSystemTests.m; sourceTree = "<group>"; };
		A51085A2219A4E10007A1921 /* GeneralFunctions.h */ = {isa = PBXFileReference; lastKnownFileType = sourcecode.c.h; path = GeneralFunctions.h; sourceTree = "<group>"; };
		A51085A3219A4E10007A1921 /* GeneralFunctions.m */ = {isa = PBXFileReference; lastKnownFileType = sourcecode.c.objc; path = GeneralFunctions.m; sourceTree = "<group>"; };
		A51085A5219A6888007A1921 /* BurnSoftGeneralTest.m */ = {isa = PBXFileReference; lastKnownFileType = sourcecode.c.objc; path = BurnSoftGeneralTest.m; sourceTree = "<group>"; };
		A51085A7219CFF32007A1921 /* BurnSoftMathTests.m */ = {isa = PBXFileReference; lastKnownFileType = sourcecode.c.objc; path = BurnSoftMathTests.m; sourceTree = "<group>"; };
		A5173728219D165500D330E7 /* DBManagerTests.m */ = {isa = PBXFileReference; lastKnownFileType = sourcecode.c.objc; path = DBManagerTests.m; sourceTree = "<group>"; };
		A598403A219900FC009EBBE5 /* BurnSoftUniversal.framework */ = {isa = PBXFileReference; explicitFileType = wrapper.framework; includeInIndex = 0; path = BurnSoftUniversal.framework; sourceTree = BUILT_PRODUCTS_DIR; };
		A598403D219900FC009EBBE5 /* BurnSoftUniversal.h */ = {isa = PBXFileReference; lastKnownFileType = sourcecode.c.h; path = BurnSoftUniversal.h; sourceTree = "<group>"; };
		A598403E219900FC009EBBE5 /* Info.plist */ = {isa = PBXFileReference; lastKnownFileType = text.plist.xml; path = Info.plist; sourceTree = "<group>"; };
		A5984043219900FC009EBBE5 /* BurnSoftUniversalTests.xctest */ = {isa = PBXFileReference; explicitFileType = wrapper.cfbundle; includeInIndex = 0; path = BurnSoftUniversalTests.xctest; sourceTree = BUILT_PRODUCTS_DIR; };
		A5984048219900FC009EBBE5 /* BurnSoftUniversalTests.m */ = {isa = PBXFileReference; lastKnownFileType = sourcecode.c.objc; path = BurnSoftUniversalTests.m; sourceTree = "<group>"; };
		A598404A219900FC009EBBE5 /* Info.plist */ = {isa = PBXFileReference; lastKnownFileType = text.plist.xml; path = Info.plist; sourceTree = "<group>"; };
		A598405421990166009EBBE5 /* BurnSoftDateTime.h */ = {isa = PBXFileReference; fileEncoding = 4; lastKnownFileType = sourcecode.c.h; path = BurnSoftDateTime.h; sourceTree = "<group>"; };
		A598405521990166009EBBE5 /* BurnSoftDateTime.m */ = {isa = PBXFileReference; fileEncoding = 4; lastKnownFileType = sourcecode.c.objc; path = BurnSoftDateTime.m; sourceTree = "<group>"; };
		A59840592199030D009EBBE5 /* BurnSoftDateTimeTests.m */ = {isa = PBXFileReference; lastKnownFileType = sourcecode.c.objc; path = BurnSoftDateTimeTests.m; sourceTree = "<group>"; };
		A598405B2199089E009EBBE5 /* BurnSoftFormFunctions.h */ = {isa = PBXFileReference; fileEncoding = 4; lastKnownFileType = sourcecode.c.h; path = BurnSoftFormFunctions.h; sourceTree = "<group>"; };
		A598405C2199089E009EBBE5 /* BurnSoftGeneral.h */ = {isa = PBXFileReference; fileEncoding = 4; lastKnownFileType = sourcecode.c.h; path = BurnSoftGeneral.h; sourceTree = "<group>"; };
		A598405D2199089E009EBBE5 /* BurnSoftFileSystem.m */ = {isa = PBXFileReference; fileEncoding = 4; lastKnownFileType = sourcecode.c.objc; path = BurnSoftFileSystem.m; sourceTree = "<group>"; };
		A598405E2199089E009EBBE5 /* BurnSoftFileSystem.h */ = {isa = PBXFileReference; fileEncoding = 4; lastKnownFileType = sourcecode.c.h; path = BurnSoftFileSystem.h; sourceTree = "<group>"; };
		A598405F2199089E009EBBE5 /* BurnSoftFormFunctions.m */ = {isa = PBXFileReference; fileEncoding = 4; lastKnownFileType = sourcecode.c.objc; path = BurnSoftFormFunctions.m; sourceTree = "<group>"; };
		A59840602199089E009EBBE5 /* BurnSoftMath.m */ = {isa = PBXFileReference; fileEncoding = 4; lastKnownFileType = sourcecode.c.objc; path = BurnSoftMath.m; sourceTree = "<group>"; };
		A59840612199089E009EBBE5 /* BurnSoftMath.h */ = {isa = PBXFileReference; fileEncoding = 4; lastKnownFileType = sourcecode.c.h; path = BurnSoftMath.h; sourceTree = "<group>"; };
		A59840622199089E009EBBE5 /* BurnSoftGeneral.m */ = {isa = PBXFileReference; fileEncoding = 4; lastKnownFileType = sourcecode.c.objc; path = BurnSoftGeneral.m; sourceTree = "<group>"; };
		A598406C21991C88009EBBE5 /* libsqlite3.tbd */ = {isa = PBXFileReference; lastKnownFileType = "sourcecode.text-based-dylib-definition"; name = libsqlite3.tbd; path = usr/lib/libsqlite3.tbd; sourceTree = SDKROOT; };
		A598406D21991C88009EBBE5 /* libsqlite3.0.tbd */ = {isa = PBXFileReference; lastKnownFileType = "sourcecode.text-based-dylib-definition"; name = libsqlite3.0.tbd; path = usr/lib/libsqlite3.0.tbd; sourceTree = SDKROOT; };
		A598407021991CB4009EBBE5 /* DBManager.h */ = {isa = PBXFileReference; fileEncoding = 4; lastKnownFileType = sourcecode.c.h; path = DBManager.h; sourceTree = "<group>"; };
		A598407121991CB4009EBBE5 /* DBManager.m */ = {isa = PBXFileReference; fileEncoding = 4; lastKnownFileType = sourcecode.c.objc; path = DBManager.m; sourceTree = "<group>"; };
/* End PBXFileReference section */

/* Begin PBXFrameworksBuildPhase section */
		A5984037219900FC009EBBE5 /* Frameworks */ = {
			isa = PBXFrameworksBuildPhase;
			buildActionMask = 2147483647;
			files = (
				A598406E21991C88009EBBE5 /* libsqlite3.tbd in Frameworks */,
				A598406F21991C88009EBBE5 /* libsqlite3.0.tbd in Frameworks */,
			);
			runOnlyForDeploymentPostprocessing = 0;
		};
		A5984040219900FC009EBBE5 /* Frameworks */ = {
			isa = PBXFrameworksBuildPhase;
			buildActionMask = 2147483647;
			files = (
				A5984044219900FC009EBBE5 /* BurnSoftUniversal.framework in Frameworks */,
			);
			runOnlyForDeploymentPostprocessing = 0;
		};
/* End PBXFrameworksBuildPhase section */

/* Begin PBXGroup section */
		A5984030219900FC009EBBE5 = {
			isa = PBXGroup;
			children = (
				A598403C219900FC009EBBE5 /* BurnSoftUniversal */,
				A5984047219900FC009EBBE5 /* BurnSoftUniversalTests */,
				A598403B219900FC009EBBE5 /* Products */,
				A598406B21991C88009EBBE5 /* Frameworks */,
			);
			sourceTree = "<group>";
		};
		A598403B219900FC009EBBE5 /* Products */ = {
			isa = PBXGroup;
			children = (
				A598403A219900FC009EBBE5 /* BurnSoftUniversal.framework */,
				A5984043219900FC009EBBE5 /* BurnSoftUniversalTests.xctest */,
			);
			name = Products;
			sourceTree = "<group>";
		};
		A598403C219900FC009EBBE5 /* BurnSoftUniversal */ = {
			isa = PBXGroup;
			children = (
				A598407021991CB4009EBBE5 /* DBManager.h */,
				A598407121991CB4009EBBE5 /* DBManager.m */,
				A598405E2199089E009EBBE5 /* BurnSoftFileSystem.h */,
				A598405D2199089E009EBBE5 /* BurnSoftFileSystem.m */,
				A598405B2199089E009EBBE5 /* BurnSoftFormFunctions.h */,
				A598405F2199089E009EBBE5 /* BurnSoftFormFunctions.m */,
				A598405C2199089E009EBBE5 /* BurnSoftGeneral.h */,
				A59840622199089E009EBBE5 /* BurnSoftGeneral.m */,
				A59840612199089E009EBBE5 /* BurnSoftMath.h */,
				A59840602199089E009EBBE5 /* BurnSoftMath.m */,
				A598405421990166009EBBE5 /* BurnSoftDateTime.h */,
				A598405521990166009EBBE5 /* BurnSoftDateTime.m */,
				A598403D219900FC009EBBE5 /* BurnSoftUniversal.h */,
				A598403E219900FC009EBBE5 /* Info.plist */,
			);
			path = BurnSoftUniversal;
			sourceTree = "<group>";
		};
		A5984047219900FC009EBBE5 /* BurnSoftUniversalTests */ = {
			isa = PBXGroup;
			children = (
				A5984048219900FC009EBBE5 /* BurnSoftUniversalTests.m */,
				A598404A219900FC009EBBE5 /* Info.plist */,
				A59840592199030D009EBBE5 /* BurnSoftDateTimeTests.m */,
				A51085A0219A4DC8007A1921 /* BurnSoftFileSystemTests.m */,
				A51085A2219A4E10007A1921 /* GeneralFunctions.h */,
				A51085A3219A4E10007A1921 /* GeneralFunctions.m */,
				A51085A5219A6888007A1921 /* BurnSoftGeneralTest.m */,
				A51085A7219CFF32007A1921 /* BurnSoftMathTests.m */,
				A5173728219D165500D330E7 /* DBManagerTests.m */,
			);
			path = BurnSoftUniversalTests;
			sourceTree = "<group>";
		};
		A598406B21991C88009EBBE5 /* Frameworks */ = {
			isa = PBXGroup;
			children = (
				A598406D21991C88009EBBE5 /* libsqlite3.0.tbd */,
				A598406C21991C88009EBBE5 /* libsqlite3.tbd */,
			);
			name = Frameworks;
			sourceTree = "<group>";
		};
/* End PBXGroup section */

/* Begin PBXHeadersBuildPhase section */
		A5984035219900FC009EBBE5 /* Headers */ = {
			isa = PBXHeadersBuildPhase;
			buildActionMask = 2147483647;
			files = (
				A59840642199089E009EBBE5 /* BurnSoftGeneral.h in Headers */,
				A59840692199089E009EBBE5 /* BurnSoftMath.h in Headers */,
				A59840632199089E009EBBE5 /* BurnSoftFormFunctions.h in Headers */,
				A598407221991CB4009EBBE5 /* DBManager.h in Headers */,
				A59840662199089E009EBBE5 /* BurnSoftFileSystem.h in Headers */,
				A598405621990166009EBBE5 /* BurnSoftDateTime.h in Headers */,
				A598404B219900FC009EBBE5 /* BurnSoftUniversal.h in Headers */,
			);
			runOnlyForDeploymentPostprocessing = 0;
		};
/* End PBXHeadersBuildPhase section */

/* Begin PBXNativeTarget section */
		A5984039219900FC009EBBE5 /* BurnSoftUniversal */ = {
			isa = PBXNativeTarget;
			buildConfigurationList = A598404E219900FC009EBBE5 /* Build configuration list for PBXNativeTarget "BurnSoftUniversal" */;
			buildPhases = (
				A5984035219900FC009EBBE5 /* Headers */,
				A5984036219900FC009EBBE5 /* Sources */,
				A5984037219900FC009EBBE5 /* Frameworks */,
				A5984038219900FC009EBBE5 /* Resources */,
			);
			buildRules = (
			);
			dependencies = (
			);
			name = BurnSoftUniversal;
			productName = BurnSoftUniversal;
			productReference = A598403A219900FC009EBBE5 /* BurnSoftUniversal.framework */;
			productType = "com.apple.product-type.framework";
		};
		A5984042219900FC009EBBE5 /* BurnSoftUniversalTests */ = {
			isa = PBXNativeTarget;
			buildConfigurationList = A5984051219900FC009EBBE5 /* Build configuration list for PBXNativeTarget "BurnSoftUniversalTests" */;
			buildPhases = (
				A598403F219900FC009EBBE5 /* Sources */,
				A5984040219900FC009EBBE5 /* Frameworks */,
				A5984041219900FC009EBBE5 /* Resources */,
			);
			buildRules = (
			);
			dependencies = (
				A5984046219900FC009EBBE5 /* PBXTargetDependency */,
			);
			name = BurnSoftUniversalTests;
			productName = BurnSoftUniversalTests;
			productReference = A5984043219900FC009EBBE5 /* BurnSoftUniversalTests.xctest */;
			productType = "com.apple.product-type.bundle.unit-test";
		};
/* End PBXNativeTarget section */

/* Begin PBXProject section */
		A5984031219900FC009EBBE5 /* Project object */ = {
			isa = PBXProject;
			attributes = {
				LastUpgradeCheck = 1010;
				ORGANIZATIONNAME = burnsoft;
				TargetAttributes = {
					A5984039219900FC009EBBE5 = {
						CreatedOnToolsVersion = 10.1;
					};
					A5984042219900FC009EBBE5 = {
						CreatedOnToolsVersion = 10.1;
					};
				};
			};
			buildConfigurationList = A5984034219900FC009EBBE5 /* Build configuration list for PBXProject "BurnSoftUniversal" */;
			compatibilityVersion = "Xcode 9.3";
			developmentRegion = en;
			hasScannedForEncodings = 0;
			knownRegions = (
				en,
			);
			mainGroup = A5984030219900FC009EBBE5;
			productRefGroup = A598403B219900FC009EBBE5 /* Products */;
			projectDirPath = "";
			projectRoot = "";
			targets = (
				A5984039219900FC009EBBE5 /* BurnSoftUniversal */,
				A5984042219900FC009EBBE5 /* BurnSoftUniversalTests */,
			);
		};
/* End PBXProject section */

/* Begin PBXResourcesBuildPhase section */
		A5984038219900FC009EBBE5 /* Resources */ = {
			isa = PBXResourcesBuildPhase;
			buildActionMask = 2147483647;
			files = (
			);
			runOnlyForDeploymentPostprocessing = 0;
		};
		A5984041219900FC009EBBE5 /* Resources */ = {
			isa = PBXResourcesBuildPhase;
			buildActionMask = 2147483647;
			files = (
			);
			runOnlyForDeploymentPostprocessing = 0;
		};
/* End PBXResourcesBuildPhase section */

/* Begin PBXSourcesBuildPhase section */
		A5984036219900FC009EBBE5 /* Sources */ = {
			isa = PBXSourcesBuildPhase;
			buildActionMask = 2147483647;
			files = (
				A598406A2199089E009EBBE5 /* BurnSoftGeneral.m in Sources */,
				A59840672199089E009EBBE5 /* BurnSoftFormFunctions.m in Sources */,
				A598405721990166009EBBE5 /* BurnSoftDateTime.m in Sources */,
				A598407321991CB4009EBBE5 /* DBManager.m in Sources */,
				A59840682199089E009EBBE5 /* BurnSoftMath.m in Sources */,
				A59840652199089E009EBBE5 /* BurnSoftFileSystem.m in Sources */,
			);
			runOnlyForDeploymentPostprocessing = 0;
		};
		A598403F219900FC009EBBE5 /* Sources */ = {
			isa = PBXSourcesBuildPhase;
			buildActionMask = 2147483647;
			files = (
				A5173729219D165500D330E7 /* DBManagerTests.m in Sources */,
				A51085A8219CFF32007A1921 /* BurnSoftMathTests.m in Sources */,
				A51085A6219A6888007A1921 /* BurnSoftGeneralTest.m in Sources */,
				A51085A4219A4E10007A1921 /* GeneralFunctions.m in Sources */,
				A5984049219900FC009EBBE5 /* BurnSoftUniversalTests.m in Sources */,
				A598405A2199030D009EBBE5 /* BurnSoftDateTimeTests.m in Sources */,
				A51085A1219A4DC8007A1921 /* BurnSoftFileSystemTests.m in Sources */,
			);
			runOnlyForDeploymentPostprocessing = 0;
		};
/* End PBXSourcesBuildPhase section */

/* Begin PBXTargetDependency section */
		A5984046219900FC009EBBE5 /* PBXTargetDependency */ = {
			isa = PBXTargetDependency;
			target = A5984039219900FC009EBBE5 /* BurnSoftUniversal */;
			targetProxy = A5984045219900FC009EBBE5 /* PBXContainerItemProxy */;
		};
/* End PBXTargetDependency section */

/* Begin XCBuildConfiguration section */
		A598404C219900FC009EBBE5 /* Debug */ = {
			isa = XCBuildConfiguration;
			buildSettings = {
				ALWAYS_SEARCH_USER_PATHS = NO;
				CLANG_ANALYZER_NONNULL = YES;
				CLANG_ANALYZER_NUMBER_OBJECT_CONVERSION = YES_AGGRESSIVE;
				CLANG_CXX_LANGUAGE_STANDARD = "gnu++14";
				CLANG_CXX_LIBRARY = "libc++";
				CLANG_ENABLE_MODULES = YES;
				CLANG_ENABLE_OBJC_ARC = YES;
				CLANG_ENABLE_OBJC_WEAK = YES;
				CLANG_WARN_BLOCK_CAPTURE_AUTORELEASING = YES;
				CLANG_WARN_BOOL_CONVERSION = YES;
				CLANG_WARN_COMMA = YES;
				CLANG_WARN_CONSTANT_CONVERSION = YES;
				CLANG_WARN_DEPRECATED_OBJC_IMPLEMENTATIONS = YES;
				CLANG_WARN_DIRECT_OBJC_ISA_USAGE = YES_ERROR;
				CLANG_WARN_DOCUMENTATION_COMMENTS = YES;
				CLANG_WARN_EMPTY_BODY = YES;
				CLANG_WARN_ENUM_CONVERSION = YES;
				CLANG_WARN_INFINITE_RECURSION = YES;
				CLANG_WARN_INT_CONVERSION = YES;
				CLANG_WARN_NON_LITERAL_NULL_CONVERSION = YES;
				CLANG_WARN_OBJC_IMPLICIT_RETAIN_SELF = YES;
				CLANG_WARN_OBJC_LITERAL_CONVERSION = YES;
				CLANG_WARN_OBJC_ROOT_CLASS = YES_ERROR;
				CLANG_WARN_RANGE_LOOP_ANALYSIS = YES;
				CLANG_WARN_STRICT_PROTOTYPES = YES;
				CLANG_WARN_SUSPICIOUS_MOVE = YES;
				CLANG_WARN_UNGUARDED_AVAILABILITY = YES_AGGRESSIVE;
				CLANG_WARN_UNREACHABLE_CODE = YES;
				CLANG_WARN__DUPLICATE_METHOD_MATCH = YES;
				CODE_SIGN_IDENTITY = "iPhone Developer";
				COPY_PHASE_STRIP = NO;
				CURRENT_PROJECT_VERSION = 1;
				DEBUG_INFORMATION_FORMAT = dwarf;
				ENABLE_STRICT_OBJC_MSGSEND = YES;
				ENABLE_TESTABILITY = YES;
				GCC_C_LANGUAGE_STANDARD = gnu11;
				GCC_DYNAMIC_NO_PIC = NO;
				GCC_NO_COMMON_BLOCKS = YES;
				GCC_OPTIMIZATION_LEVEL = 0;
				GCC_PREPROCESSOR_DEFINITIONS = (
					"DEBUG=1",
					"$(inherited)",
				);
				GCC_WARN_64_TO_32_BIT_CONVERSION = YES;
				GCC_WARN_ABOUT_RETURN_TYPE = YES_ERROR;
				GCC_WARN_UNDECLARED_SELECTOR = YES;
				GCC_WARN_UNINITIALIZED_AUTOS = YES_AGGRESSIVE;
				GCC_WARN_UNUSED_FUNCTION = YES;
				GCC_WARN_UNUSED_VARIABLE = YES;
				IPHONEOS_DEPLOYMENT_TARGET = 12.1;
				MTL_ENABLE_DEBUG_INFO = INCLUDE_SOURCE;
				MTL_FAST_MATH = YES;
				ONLY_ACTIVE_ARCH = YES;
				SDKROOT = iphoneos;
				VERSIONING_SYSTEM = "apple-generic";
				VERSION_INFO_PREFIX = "";
			};
			name = Debug;
		};
		A598404D219900FC009EBBE5 /* Release */ = {
			isa = XCBuildConfiguration;
			buildSettings = {
				ALWAYS_SEARCH_USER_PATHS = NO;
				CLANG_ANALYZER_NONNULL = YES;
				CLANG_ANALYZER_NUMBER_OBJECT_CONVERSION = YES_AGGRESSIVE;
				CLANG_CXX_LANGUAGE_STANDARD = "gnu++14";
				CLANG_CXX_LIBRARY = "libc++";
				CLANG_ENABLE_MODULES = YES;
				CLANG_ENABLE_OBJC_ARC = YES;
				CLANG_ENABLE_OBJC_WEAK = YES;
				CLANG_WARN_BLOCK_CAPTURE_AUTORELEASING = YES;
				CLANG_WARN_BOOL_CONVERSION = YES;
				CLANG_WARN_COMMA = YES;
				CLANG_WARN_CONSTANT_CONVERSION = YES;
				CLANG_WARN_DEPRECATED_OBJC_IMPLEMENTATIONS = YES;
				CLANG_WARN_DIRECT_OBJC_ISA_USAGE = YES_ERROR;
				CLANG_WARN_DOCUMENTATION_COMMENTS = YES;
				CLANG_WARN_EMPTY_BODY = YES;
				CLANG_WARN_ENUM_CONVERSION = YES;
				CLANG_WARN_INFINITE_RECURSION = YES;
				CLANG_WARN_INT_CONVERSION = YES;
				CLANG_WARN_NON_LITERAL_NULL_CONVERSION = YES;
				CLANG_WARN_OBJC_IMPLICIT_RETAIN_SELF = YES;
				CLANG_WARN_OBJC_LITERAL_CONVERSION = YES;
				CLANG_WARN_OBJC_ROOT_CLASS = YES_ERROR;
				CLANG_WARN_RANGE_LOOP_ANALYSIS = YES;
				CLANG_WARN_STRICT_PROTOTYPES = YES;
				CLANG_WARN_SUSPICIOUS_MOVE = YES;
				CLANG_WARN_UNGUARDED_AVAILABILITY = YES_AGGRESSIVE;
				CLANG_WARN_UNREACHABLE_CODE = YES;
				CLANG_WARN__DUPLICATE_METHOD_MATCH = YES;
				CODE_SIGN_IDENTITY = "iPhone Developer";
				COPY_PHASE_STRIP = NO;
				CURRENT_PROJECT_VERSION = 1;
				DEBUG_INFORMATION_FORMAT = "dwarf-with-dsym";
				ENABLE_NS_ASSERTIONS = NO;
				ENABLE_STRICT_OBJC_MSGSEND = YES;
				GCC_C_LANGUAGE_STANDARD = gnu11;
				GCC_NO_COMMON_BLOCKS = YES;
				GCC_WARN_64_TO_32_BIT_CONVERSION = YES;
				GCC_WARN_ABOUT_RETURN_TYPE = YES_ERROR;
				GCC_WARN_UNDECLARED_SELECTOR = YES;
				GCC_WARN_UNINITIALIZED_AUTOS = YES_AGGRESSIVE;
				GCC_WARN_UNUSED_FUNCTION = YES;
				GCC_WARN_UNUSED_VARIABLE = YES;
				IPHONEOS_DEPLOYMENT_TARGET = 12.1;
				MTL_ENABLE_DEBUG_INFO = NO;
				MTL_FAST_MATH = YES;
				SDKROOT = iphoneos;
				VALIDATE_PRODUCT = YES;
				VERSIONING_SYSTEM = "apple-generic";
				VERSION_INFO_PREFIX = "";
			};
			name = Release;
		};
		A598404F219900FC009EBBE5 /* Debug */ = {
			isa = XCBuildConfiguration;
			buildSettings = {
				CODE_SIGN_IDENTITY = "";
				CODE_SIGN_STYLE = Automatic;
				DEFINES_MODULE = YES;
				DEVELOPMENT_TEAM = MF94VYSKL4;
				DYLIB_COMPATIBILITY_VERSION = 1;
				DYLIB_CURRENT_VERSION = 1;
				DYLIB_INSTALL_NAME_BASE = "@rpath";
				INFOPLIST_FILE = BurnSoftUniversal/Info.plist;
				INSTALL_PATH = "$(LOCAL_LIBRARY_DIR)/Frameworks";
				LD_RUNPATH_SEARCH_PATHS = (
					"$(inherited)",
					"@executable_path/Frameworks",
					"@loader_path/Frameworks",
				);
				PRODUCT_BUNDLE_IDENTIFIER = net.burnsoft.BurnSoftUniversal;
				PRODUCT_NAME = "$(TARGET_NAME:c99extidentifier)";
				SKIP_INSTALL = YES;
				TARGETED_DEVICE_FAMILY = "1,2";
			};
			name = Debug;
		};
		A5984050219900FC009EBBE5 /* Release */ = {
			isa = XCBuildConfiguration;
			buildSettings = {
				CODE_SIGN_IDENTITY = "";
				CODE_SIGN_STYLE = Automatic;
				DEFINES_MODULE = YES;
				DEVELOPMENT_TEAM = MF94VYSKL4;
				DYLIB_COMPATIBILITY_VERSION = 1;
				DYLIB_CURRENT_VERSION = 1;
				DYLIB_INSTALL_NAME_BASE = "@rpath";
				INFOPLIST_FILE = BurnSoftUniversal/Info.plist;
				INSTALL_PATH = "$(LOCAL_LIBRARY_DIR)/Frameworks";
				LD_RUNPATH_SEARCH_PATHS = (
					"$(inherited)",
					"@executable_path/Frameworks",
					"@loader_path/Frameworks",
				);
				PRODUCT_BUNDLE_IDENTIFIER = net.burnsoft.BurnSoftUniversal;
				PRODUCT_NAME = "$(TARGET_NAME:c99extidentifier)";
				SKIP_INSTALL = YES;
				TARGETED_DEVICE_FAMILY = "1,2";
			};
			name = Release;
		};
		A5984052219900FC009EBBE5 /* Debug */ = {
			isa = XCBuildConfiguration;
			buildSettings = {
				CODE_SIGN_STYLE = Automatic;
				DEVELOPMENT_TEAM = MF94VYSKL4;
				INFOPLIST_FILE = BurnSoftUniversalTests/Info.plist;
				LD_RUNPATH_SEARCH_PATHS = (
					"$(inherited)",
					"@executable_path/Frameworks",
					"@loader_path/Frameworks",
				);
				PRODUCT_BUNDLE_IDENTIFIER = net.burnsoft.BurnSoftUniversalTests;
				PRODUCT_NAME = "$(TARGET_NAME)";
				TARGETED_DEVICE_FAMILY = "1,2";
			};
			name = Debug;
		};
		A5984053219900FC009EBBE5 /* Release */ = {
			isa = XCBuildConfiguration;
			buildSettings = {
				CODE_SIGN_STYLE = Automatic;
				DEVELOPMENT_TEAM = MF94VYSKL4;
				INFOPLIST_FILE = BurnSoftUniversalTests/Info.plist;
				LD_RUNPATH_SEARCH_PATHS = (
					"$(inherited)",
					"@executable_path/Frameworks",
					"@loader_path/Frameworks",
				);
				PRODUCT_BUNDLE_IDENTIFIER = net.burnsoft.BurnSoftUniversalTests;
				PRODUCT_NAME = "$(TARGET_NAME)";
				TARGETED_DEVICE_FAMILY = "1,2";
			};
			name = Release;
		};
/* End XCBuildConfiguration section */

/* Begin XCConfigurationList section */
		A5984034219900FC009EBBE5 /* Build configuration list for PBXProject "BurnSoftUniversal" */ = {
			isa = XCConfigurationList;
			buildConfigurations = (
				A598404C219900FC009EBBE5 /* Debug */,
				A598404D219900FC009EBBE5 /* Release */,
			);
			defaultConfigurationIsVisible = 0;
			defaultConfigurationName = Release;
		};
		A598404E219900FC009EBBE5 /* Build configuration list for PBXNativeTarget "BurnSoftUniversal" */ = {
			isa = XCConfigurationList;
			buildConfigurations = (
				A598404F219900FC009EBBE5 /* Debug */,
				A5984050219900FC009EBBE5 /* Release */,
			);
			defaultConfigurationIsVisible = 0;
			defaultConfigurationName = Release;
		};
		A5984051219900FC009EBBE5 /* Build configuration list for PBXNativeTarget "BurnSoftUniversalTests" */ = {
			isa = XCConfigurationList;
			buildConfigurations = (
				A5984052219900FC009EBBE5 /* Debug */,
				A5984053219900FC009EBBE5 /* Release */,
			);
			defaultConfigurationIsVisible = 0;
			defaultConfigurationName = Release;
		};
/* End XCConfigurationList section */
	};
	rootObject = A5984031219900FC009EBBE5 /* Project object */;
}
